Microsoft Visual Studio Solution File, Format Version 12.00
# Visual Studio Version 17
VisualStudioVersion = 17.5.2.0
MinimumVisualStudioVersion = 10.0.40219.1
Project("{FAE04EC0-301F-11D3-BF4B-00C04F79EFBC}") = "c#programs", "c#programs.csproj", "{616C7433-D17A-0E58-4484-B27F4837189C}"
EndProject
Global
	GlobalSection(SolutionConfigurationPlatforms) = preSolution
		Debug|Any CPU = Debug|Any CPU
		Release|Any CPU = Release|Any CPU
	EndGlobalSection
	GlobalSection(ProjectConfigurationPlatforms) = postSolution
		{616C7433-D17A-0E58-4484-B27F4837189C}.Debug|Any CPU.ActiveCfg = Debug|Any CPU
		{616C7433-D17A-0E58-4484-B27F4837189C}.Debug|Any CPU.Build.0 = Debug|Any CPU
		{616C7433-D17A-0E58-4484-B27F4837189C}.Release|Any CPU.ActiveCfg = Release|Any CPU
		{616C7433-D17A-0E58-4484-B27F4837189C}.Release|Any CPU.Build.0 = Release|Any CPU
	EndGlobalSection
	GlobalSection(SolutionProperties) = preSolution
		HideSolutionNode = FALSE
	EndGlobalSection
	GlobalSection(ExtensibilityGlobals) = postSolution
		SolutionGuid = {8D617822-7316-487F-8A5A-9B93FAAA72C5}
	EndGlobalSection
EndGlobal
